
Microsoft Visual Studio Solution File, Format Version 12.00
# Visual Studio Version 17
VisualStudioVersion = 17.3.32901.215
MinimumVisualStudioVersion = 10.0.40219.1
Project("{FAE04EC0-301F-11D3-BF4B-00C04F79EFBC}") = "dz 5.13", "dz 5.13\dz 5.13.csproj", "{903668E7-0DCA-49AB-AB27-C50726276557}"
EndProject
Global
	GlobalSection(SolutionConfigurationPlatforms) = preSolution
		Debug|Any CPU = Debug|Any CPU
		Release|Any CPU = Release|Any CPU
	EndGlobalSection
	GlobalSection(ProjectConfigurationPlatforms) = postSolution
		{903668E7-0DCA-49AB-AB27-C50726276557}.Debug|Any CPU.ActiveCfg = Debug|Any CPU
		{903668E7-0DCA-49AB-AB27-C50726276557}.Debug|Any CPU.Build.0 = Debug|Any CPU
		{903668E7-0DCA-49AB-AB27-C50726276557}.Release|Any CPU.ActiveCfg = Release|Any CPU
		{903668E7-0DCA-49AB-AB27-C50726276557}.Release|Any CPU.Build.0 = Release|Any CPU
	EndGlobalSection
	GlobalSection(SolutionProperties) = preSolution
		HideSolutionNode = FALSE
	EndGlobalSection
	GlobalSection(ExtensibilityGlobals) = postSolution
		SolutionGuid = {BFFBBCBB-AFBE-4027-BA3B-D9C83346A68C}
	EndGlobalSection
EndGlobal
